
Microsoft Visual Studio Solution File, Format Version 12.00
# Visual Studio Version 17
VisualStudioVersion = 17.1.32210.238
MinimumVisualStudioVersion = 10.0.40219.1
Project("{9A19103F-16F7-4668-BE54-9A1E7A4F7556}") = "API", "API\API.csproj", "{471FBFE2-8891-4CFF-9CF9-61474A16F4CE}"
EndProject
Project("{FAE04EC0-301F-11D3-BF4B-00C04F79EFBC}") = "Client", "Client\Client.csproj", "{FF3E6434-CC1E-4706-A382-738EC3418AC0}"
EndProject
Global
	GlobalSection(SolutionConfigurationPlatforms) = preSolution
		Debug|Any CPU = Debug|Any CPU
		Release|Any CPU = Release|Any CPU
	EndGlobalSection
	GlobalSection(ProjectConfigurationPlatforms) = postSolution
		{471FBFE2-8891-4CFF-9CF9-61474A16F4CE}.Debug|Any CPU.ActiveCfg = Debug|Any CPU
		{471FBFE2-8891-4CFF-9CF9-61474A16F4CE}.Debug|Any CPU.Build.0 = Debug|Any CPU
		{471FBFE2-8891-4CFF-9CF9-61474A16F4CE}.Release|Any CPU.ActiveCfg = Release|Any CPU
		{471FBFE2-8891-4CFF-9CF9-61474A16F4CE}.Release|Any CPU.Build.0 = Release|Any CPU
		{FF3E6434-CC1E-4706-A382-738EC3418AC0}.Debug|Any CPU.ActiveCfg = Debug|Any CPU
		{FF3E6434-CC1E-4706-A382-738EC3418AC0}.Debug|Any CPU.Build.0 = Debug|Any CPU
		{FF3E6434-CC1E-4706-A382-738EC3418AC0}.Release|Any CPU.ActiveCfg = Release|Any CPU
		{FF3E6434-CC1E-4706-A382-738EC3418AC0}.Release|Any CPU.Build.0 = Release|Any CPU
	EndGlobalSection
	GlobalSection(SolutionProperties) = preSolution
		HideSolutionNode = FALSE
	EndGlobalSection
	GlobalSection(ExtensibilityGlobals) = postSolution
		SolutionGuid = {F7BFB003-69EB-4F3D-BE5A-B522147EFDC4}
	EndGlobalSection
EndGlobal
